
Microsoft Visual Studio Solution File, Format Version 12.00
# Visual Studio Version 17
VisualStudioVersion = 17.4.33205.214
MinimumVisualStudioVersion = 10.0.40219.1
Project("{9A19103F-16F7-4668-BE54-9A1E7A4F7556}") = "Parking.Web", "Parking.Web\Parking.Web.csproj", "{A5FABE80-1F7F-4AF1-9E97-76D10EE356A5}"
	ProjectSection(ProjectDependencies) = postProject
		{67C7EBCB-A745-42F7-A33F-00E4ECDCACF8} = {67C7EBCB-A745-42F7-A33F-00E4ECDCACF8}
		{9205B295-A880-4607-8068-3185CC25184F} = {9205B295-A880-4607-8068-3185CC25184F}
		{CBE8152B-A37E-439A-A543-9AE56691A925} = {CBE8152B-A37E-439A-A543-9AE56691A925}
	EndProjectSection
EndProject
Project("{9A19103F-16F7-4668-BE54-9A1E7A4F7556}") = "Parking.Core", "Parking.Core\Parking.Core.csproj", "{9205B295-A880-4607-8068-3185CC25184F}"
	ProjectSection(ProjectDependencies) = postProject
		{CBE8152B-A37E-439A-A543-9AE56691A925} = {CBE8152B-A37E-439A-A543-9AE56691A925}
	EndProjectSection
EndProject
Project("{9A19103F-16F7-4668-BE54-9A1E7A4F7556}") = "Parking.Infrastructure", "Parking.Infrastructure\Parking.Infrastructure.csproj", "{67C7EBCB-A745-42F7-A33F-00E4ECDCACF8}"
EndProject
Project("{9A19103F-16F7-4668-BE54-9A1E7A4F7556}") = "Parking.SharedKernel", "Parking.SharedKernel\Parking.SharedKernel.csproj", "{CBE8152B-A37E-439A-A543-9AE56691A925}"
EndProject
Global
	GlobalSection(SolutionConfigurationPlatforms) = preSolution
		Debug|Any CPU = Debug|Any CPU
		Release|Any CPU = Release|Any CPU
	EndGlobalSection
	GlobalSection(ProjectConfigurationPlatforms) = postSolution
		{A5FABE80-1F7F-4AF1-9E97-76D10EE356A5}.Debug|Any CPU.ActiveCfg = Debug|Any CPU
		{A5FABE80-1F7F-4AF1-9E97-76D10EE356A5}.Debug|Any CPU.Build.0 = Debug|Any CPU
		{A5FABE80-1F7F-4AF1-9E97-76D10EE356A5}.Release|Any CPU.ActiveCfg = Release|Any CPU
		{A5FABE80-1F7F-4AF1-9E97-76D10EE356A5}.Release|Any CPU.Build.0 = Release|Any CPU
		{9205B295-A880-4607-8068-3185CC25184F}.Debug|Any CPU.ActiveCfg = Debug|Any CPU
		{9205B295-A880-4607-8068-3185CC25184F}.Debug|Any CPU.Build.0 = Debug|Any CPU
		{9205B295-A880-4607-8068-3185CC25184F}.Release|Any CPU.ActiveCfg = Release|Any CPU
		{9205B295-A880-4607-8068-3185CC25184F}.Release|Any CPU.Build.0 = Release|Any CPU
		{67C7EBCB-A745-42F7-A33F-00E4ECDCACF8}.Debug|Any CPU.ActiveCfg = Debug|Any CPU
		{67C7EBCB-A745-42F7-A33F-00E4ECDCACF8}.Debug|Any CPU.Build.0 = Debug|Any CPU
		{67C7EBCB-A745-42F7-A33F-00E4ECDCACF8}.Release|Any CPU.ActiveCfg = Release|Any CPU
		{67C7EBCB-A745-42F7-A33F-00E4ECDCACF8}.Release|Any CPU.Build.0 = Release|Any CPU
		{CBE8152B-A37E-439A-A543-9AE56691A925}.Debug|Any CPU.ActiveCfg = Debug|Any CPU
		{CBE8152B-A37E-439A-A543-9AE56691A925}.Debug|Any CPU.Build.0 = Debug|Any CPU
		{CBE8152B-A37E-439A-A543-9AE56691A925}.Release|Any CPU.ActiveCfg = Release|Any CPU
		{CBE8152B-A37E-439A-A543-9AE56691A925}.Release|Any CPU.Build.0 = Release|Any CPU
	EndGlobalSection
	GlobalSection(SolutionProperties) = preSolution
		HideSolutionNode = FALSE
	EndGlobalSection
	GlobalSection(ExtensibilityGlobals) = postSolution
		SolutionGuid = {F533AA46-ED1B-49ED-AAED-A5E32BFD696F}
	EndGlobalSection
EndGlobal
